// !$*UTF8*$!
{
	archiveVersion = 1;
	classes = {
	};
	objectVersion = 77;
	objects = {

/* Begin PBXBuildFile section */
		1F4172482FB67DCE00B40996 /* ClerkKit in Frameworks */ = {isa = PBXBuildFile; productRef = 1F4172472FB67DCE00B40996 /* ClerkKit */; };
		1F41724A2FB67DCE00B40996 /* ClerkKitUI in Frameworks */ = {isa = PBXBuildFile; productRef = 1F4172492FB67DCE00B40996 /* ClerkKitUI */; };
		1FBF36972F80DBC200086810 /* GRDB in Frameworks */ = {isa = PBXBuildFile; productRef = 1FBF36962F80DBC200086810 /* GRDB */; };
		1FCBE5392FB3BF30006A178E /* Inject in Frameworks */ = {isa = PBXBuildFile; productRef = 1FCBE5382FB3BF30006A178E /* Inject */; };
		4FD6FA6C9C07709570241299 /* Pods_Iris_Main.framework in Frameworks */ = {isa = PBXBuildFile; fileRef = 7F7129C98E42C8E0F06CF8A6 /* Pods_Iris_Main.framework */; };
		9A1B2C3D4E5F60718293A001 /* MobileCLIP in Frameworks */ = {isa = PBXBuildFile; productRef = 9A1B2C3D4E5F60718293A002 /* MobileCLIP */; };
		E9DA127A51B1C2556EA0885F /* Pods_Iris_MainTests.framework in Frameworks */ = {isa = PBXBuildFile; fileRef = ED3E2B1B7051463B139B8555 /* Pods_Iris_MainTests.framework */; };
/* End PBXBuildFile section */

/* Begin PBXContainerItemProxy section */
		1F77B7A72F64B22F00C813F6 /* PBXContainerItemProxy */ = {
			isa = PBXContainerItemProxy;
			containerPortal = 1F77B7912F64B22C00C813F6 /* Project object */;
			proxyType = 1;
			remoteGlobalIDString = 1F77B7982F64B22C00C813F6;
			remoteInfo = "Iris-Main";
		};
		1F77B7B12F64B22F00C813F6 /* PBXContainerItemProxy */ = {
			isa = PBXContainerItemProxy;
			containerPortal = 1F77B7912F64B22C00C813F6 /* Project object */;
			proxyType = 1;
			remoteGlobalIDString = 1F77B7982F64B22C00C813F6;
			remoteInfo = "Iris-Main";
		};
/* End PBXContainerItemProxy section */

/* Begin PBXFileReference section */
		0E0A1BBAD4B18F155FA99BDB /* Pods-Iris-Main.release.xcconfig */ = {isa = PBXFileReference; includeInIndex = 1; lastKnownFileType = text.xcconfig; name = "Pods-Iris-Main.release.xcconfig"; path = "Target Support Files/Pods-Iris-Main/Pods-Iris-Main.release.xcconfig"; sourceTree = "<group>"; };
		1F77B7992F64B22C00C813F6 /* Iris-Main.app */ = {isa = PBXFileReference; explicitFileType = wrapper.application; includeInIndex = 0; path = "Iris-Main.app"; sourceTree = BUILT_PRODUCTS_DIR; };
		1F77B7A62F64B22F00C813F6 /* Iris-MainTests.xctest */ = {isa = PBXFileReference; explicitFileType = wrapper.cfbundle; includeInIndex = 0; path = "Iris-MainTests.xctest"; sourceTree = BUILT_PRODUCTS_DIR; };
		1F77B7B02F64B22F00C813F6 /* Iris-MainUITests.xctest */ = {isa = PBXFileReference; explicitFileType = wrapper.cfbundle; includeInIndex = 0; path = "Iris-MainUITests.xctest"; sourceTree = BUILT_PRODUCTS_DIR; };
		2455B6084411583C119C3849 /* Pods-Iris-Main.debug.xcconfig */ = {isa = PBXFileReference; includeInIndex = 1; lastKnownFileType = text.xcconfig; name = "Pods-Iris-Main.debug.xcconfig"; path = "Target Support Files/Pods-Iris-Main/Pods-Iris-Main.debug.xcconfig"; sourceTree = "<group>"; };
		7F7129C98E42C8E0F06CF8A6 /* Pods_Iris_Main.framework */ = {isa = PBXFileReference; explicitFileType = wrapper.framework; includeInIndex = 0; path = Pods_Iris_Main.framework; sourceTree = BUILT_PRODUCTS_DIR; };
		A1992887094504B3D5DDA332 /* Pods-Iris-MainTests.debug.xcconfig */ = {isa = PBXFileReference; includeInIndex = 1; lastKnownFileType = text.xcconfig; name = "Pods-Iris-MainTests.debug.xcconfig"; path = "Target Support Files/Pods-Iris-MainTests/Pods-Iris-MainTests.debug.xcconfig"; sourceTree = "<group>"; };
		AA20C0FEF34DED2F907B5BBE /* Pods-Iris-MainTests.release.xcconfig */ = {isa = PBXFileReference; includeInIndex = 1; lastKnownFileType = text.xcconfig; name = "Pods-Iris-MainTests.release.xcconfig"; path = "Target Support Files/Pods-Iris-MainTests/Pods-Iris-MainTests.release.xcconfig"; sourceTree = "<group>"; };
		ED3E2B1B7051463B139B8555 /* Pods_Iris_MainTests.framework */ = {isa = PBXFileReference; explicitFileType = wrapper.framework; includeInIndex = 0; path = Pods_Iris_MainTests.framework; sourceTree = BUILT_PRODUCTS_DIR; };
/* End PBXFileReference section */

/* Begin PBXFileSystemSynchronizedBuildFileExceptionSet section */
		1FBF31DC2F6F72DB00086810 /* Exceptions for "Iris-Main" folder in "Iris-Main" target */ = {
			isa = PBXFileSystemSynchronizedBuildFileExceptionSet;
			membershipExceptions = (
				Info.plist,
			);
			target = 1F77B7982F64B22C00C813F6 /* Iris-Main */;
		};
/* End PBXFileSystemSynchronizedBuildFileExceptionSet section */

/* Begin PBXFileSystemSynchronizedRootGroup section */
		1F77B79B2F64B22C00C813F6 /* Iris-Main */ = {
			isa = PBXFileSystemSynchronizedRootGroup;
			exceptions = (
				1FBF31DC2F6F72DB00086810 /* Exceptions for "Iris-Main" folder in "Iris-Main" target */,
			);
			path = "Iris-Main";
			sourceTree = "<group>";
		};
		1F77B7A92F64B22F00C813F6 /* Iris-MainTests */ = {
			isa = PBXFileSystemSynchronizedRootGroup;
			path = "Iris-MainTests";
			sourceTree = "<group>";
		};
		1F77B7B32F64B22F00C813F6 /* Iris-MainUITests */ = {
			isa = PBXFileSystemSynchronizedRootGroup;
			path = "Iris-MainUITests";
			sourceTree = "<group>";
		};
/* End PBXFileSystemSynchronizedRootGroup section */

/* Begin PBXFrameworksBuildPhase section */
		1F77B7962F64B22C00C813F6 /* Frameworks */ = {
			isa = PBXFrameworksBuildPhase;
			buildActionMask = 2147483647;
			files = (
				1FBF36972F80DBC200086810 /* GRDB in Frameworks */,
				9A1B2C3D4E5F60718293A001 /* MobileCLIP in Frameworks */,
				1FCBE5392FB3BF30006A178E /* Inject in Frameworks */,
				1F4172482FB67DCE00B40996 /* ClerkKit in Frameworks */,
				4FD6FA6C9C07709570241299 /* Pods_Iris_Main.framework in Frameworks */,
				1F41724A2FB67DCE00B40996 /* ClerkKitUI in Frameworks */,
			);
			runOnlyForDeploymentPostprocessing = 0;
		};
		1F77B7A32F64B22F00C813F6 /* Frameworks */ = {
			isa = PBXFrameworksBuildPhase;
			buildActionMask = 2147483647;
			files = (
				E9DA127A51B1C2556EA0885F /* Pods_Iris_MainTests.framework in Frameworks */,
			);
			runOnlyForDeploymentPostprocessing = 0;
		};
		1F77B7AD2F64B22F00C813F6 /* Frameworks */ = {
			isa = PBXFrameworksBuildPhase;
			buildActionMask = 2147483647;
			files = (
			);
			runOnlyForDeploymentPostprocessing = 0;
		};
/* End PBXFrameworksBuildPhase section */

/* Begin PBXGroup section */
		1F77B7902F64B22C00C813F6 = {
			isa = PBXGroup;
			children = (
				1F77B79B2F64B22C00C813F6 /* Iris-Main */,
				1F77B7A92F64B22F00C813F6 /* Iris-MainTests */,
				1F77B7B32F64B22F00C813F6 /* Iris-MainUITests */,
				1FCBE22A2FB12D96006A178E /* Frameworks */,
				1F77B79A2F64B22C00C813F6 /* Products */,
				30554B0A46E31B21700E2C01 /* Pods */,
			);
			sourceTree = "<group>";
		};
		1F77B79A2F64B22C00C813F6 /* Products */ = {
			isa = PBXGroup;
			children = (
				1F77B7992F64B22C00C813F6 /* Iris-Main.app */,
				1F77B7A62F64B22F00C813F6 /* Iris-MainTests.xctest */,
				1F77B7B02F64B22F00C813F6 /* Iris-MainUITests.xctest */,
			);
			name = Products;
			sourceTree = "<group>";
		};
		1FCBE22A2FB12D96006A178E /* Frameworks */ = {
			isa = PBXGroup;
			children = (
				7F7129C98E42C8E0F06CF8A6 /* Pods_Iris_Main.framework */,
				ED3E2B1B7051463B139B8555 /* Pods_Iris_MainTests.framework */,
			);
			name = Frameworks;
			sourceTree = "<group>";
		};
		30554B0A46E31B21700E2C01 /* Pods */ = {
			isa = PBXGroup;
			children = (
				2455B6084411583C119C3849 /* Pods-Iris-Main.debug.xcconfig */,
				0E0A1BBAD4B18F155FA99BDB /* Pods-Iris-Main.release.xcconfig */,
				A1992887094504B3D5DDA332 /* Pods-Iris-MainTests.debug.xcconfig */,
				AA20C0FEF34DED2F907B5BBE /* Pods-Iris-MainTests.release.xcconfig */,
			);
			path = Pods;
			sourceTree = "<group>";
		};
/* End PBXGroup section */

/* Begin PBXNativeTarget section */
		1F77B7982F64B22C00C813F6 /* Iris-Main */ = {
			isa = PBXNativeTarget;
			buildConfigurationList = 1F77B7BA2F64B22F00C813F6 /* Build configuration list for PBXNativeTarget "Iris-Main" */;
			buildPhases = (
				4AE35B2E7010AA141E138CF8 /* [CP] Check Pods Manifest.lock */,
				1F77B7952F64B22C00C813F6 /* Sources */,
				1F77B7962F64B22C00C813F6 /* Frameworks */,
				1F77B7972F64B22C00C813F6 /* Resources */,
				9A1B2C3D4E5F60718293A010 /* Copy MobileCLIP Models */,
				B067A662F4A6D6E06A71EDD1 /* [CP] Embed Pods Frameworks */,
			);
			buildRules = (
			);
			dependencies = (
			);
			fileSystemSynchronizedGroups = (
				1F77B79B2F64B22C00C813F6 /* Iris-Main */,
			);
			name = "Iris-Main";
			packageProductDependencies = (
				1FBF36962F80DBC200086810 /* GRDB */,
				9A1B2C3D4E5F60718293A002 /* MobileCLIP */,
				1FCBE5382FB3BF30006A178E /* Inject */,
				1F4172472FB67DCE00B40996 /* ClerkKit */,
				1F4172492FB67DCE00B40996 /* ClerkKitUI */,
			);
			productName = "Iris-Main";
			productReference = 1F77B7992F64B22C00C813F6 /* Iris-Main.app */;
			productType = "com.apple.product-type.application";
		};
		1F77B7A52F64B22F00C813F6 /* Iris-MainTests */ = {
			isa = PBXNativeTarget;
			buildConfigurationList = 1F77B7BD2F64B22F00C813F6 /* Build configuration list for PBXNativeTarget "Iris-MainTests" */;
			buildPhases = (
				C775ABFD167FAD3AA0F0A584 /* [CP] Check Pods Manifest.lock */,
				1F77B7A22F64B22F00C813F6 /* Sources */,
				1F77B7A32F64B22F00C813F6 /* Frameworks */,
				1F77B7A42F64B22F00C813F6 /* Resources */,
			);
			buildRules = (
			);
			dependencies = (
				1F77B7A82F64B22F00C813F6 /* PBXTargetDependency */,
			);
			fileSystemSynchronizedGroups = (
				1F77B7A92F64B22F00C813F6 /* Iris-MainTests */,
			);
			name = "Iris-MainTests";
			productName = "Iris-MainTests";
			productReference = 1F77B7A62F64B22F00C813F6 /* Iris-MainTests.xctest */;
			productType = "com.apple.product-type.bundle.unit-test";
		};
		1F77B7AF2F64B22F00C813F6 /* Iris-MainUITests */ = {
			isa = PBXNativeTarget;
			buildConfigurationList = 1F77B7C02F64B22F00C813F6 /* Build configuration list for PBXNativeTarget "Iris-MainUITests" */;
			buildPhases = (
				1F77B7AC2F64B22F00C813F6 /* Sources */,
				1F77B7AD2F64B22F00C813F6 /* Frameworks */,
				1F77B7AE2F64B22F00C813F6 /* Resources */,
			);
			buildRules = (
			);
			dependencies = (
				1F77B7B22F64B22F00C813F6 /* PBXTargetDependency */,
			);
			fileSystemSynchronizedGroups = (
				1F77B7B32F64B22F00C813F6 /* Iris-MainUITests */,
			);
			name = "Iris-MainUITests";
			productName = "Iris-MainUITests";
			productReference = 1F77B7B02F64B22F00C813F6 /* Iris-MainUITests.xctest */;
			productType = "com.apple.product-type.bundle.ui-testing";
		};
/* End PBXNativeTarget section */

/* Begin PBXProject section */
		1F77B7912F64B22C00C813F6 /* Project object */ = {
			isa = PBXProject;
			attributes = {
				BuildIndependentTargetsInParallel = 1;
				LastSwiftUpdateCheck = 2630;
				LastUpgradeCheck = 2630;
				TargetAttributes = {
					1F77B7982F64B22C00C813F6 = {
						CreatedOnToolsVersion = 26.3;
					};
					1F77B7A52F64B22F00C813F6 = {
						CreatedOnToolsVersion = 26.3;
						TestTargetID = 1F77B7982F64B22C00C813F6;
					};
					1F77B7AF2F64B22F00C813F6 = {
						CreatedOnToolsVersion = 26.3;
						TestTargetID = 1F77B7982F64B22C00C813F6;
					};
				};
			};
			buildConfigurationList = 1F77B7942F64B22C00C813F6 /* Build configuration list for PBXProject "Iris-Main" */;
			developmentRegion = en;
			hasScannedForEncodings = 0;
			knownRegions = (
				en,
				Base,
			);
			mainGroup = 1F77B7902F64B22C00C813F6;
			minimizedProjectReferenceProxies = 1;
			packageReferences = (
				9A1B2C3D4E5F60718293A003 /* XCRemoteSwiftPackageReference "swift-mobileclip" */,
				1FBF36952F80DBC200086810 /* XCRemoteSwiftPackageReference "GRDB" */,
				1FBF40E92F8B18A700086810 /* XCRemoteSwiftPackageReference "Inject" */,
				1F4172462FB67DCE00B40996 /* XCRemoteSwiftPackageReference "clerk-ios" */,
			);
			preferredProjectObjectVersion = 77;
			productRefGroup = 1F77B79A2F64B22C00C813F6 /* Products */;
			projectDirPath = "";
			projectRoot = "";
			targets = (
				1F77B7982F64B22C00C813F6 /* Iris-Main */,
				1F77B7A52F64B22F00C813F6 /* Iris-MainTests */,
				1F77B7AF2F64B22F00C813F6 /* Iris-MainUITests */,
			);
		};
/* End PBXProject section */

/* Begin PBXResourcesBuildPhase section */
		1F77B7972F64B22C00C813F6 /* Resources */ = {
			isa = PBXResourcesBuildPhase;
			buildActionMask = 2147483647;
			files = (
			);
			runOnlyForDeploymentPostprocessing = 0;
		};
		1F77B7A42F64B22F00C813F6 /* Resources */ = {
			isa = PBXResourcesBuildPhase;
			buildActionMask = 2147483647;
			files = (
			);
			runOnlyForDeploymentPostprocessing = 0;
		};
		1F77B7AE2F64B22F00C813F6 /* Resources */ = {
			isa = PBXResourcesBuildPhase;
			buildActionMask = 2147483647;
			files = (
			);
			runOnlyForDeploymentPostprocessing = 0;
		};
/* End PBXResourcesBuildPhase section */

/* Begin PBXShellScriptBuildPhase section */
		4AE35B2E7010AA141E138CF8 /* [CP] Check Pods Manifest.lock */ = {
			isa = PBXShellScriptBuildPhase;
			buildActionMask = 2147483647;
			files = (
			);
			inputFileListPaths = (
			);
			inputPaths = (
				"${PODS_PODFILE_DIR_PATH}/Podfile.lock",
				"${PODS_ROOT}/Manifest.lock",
			);
			name = "[CP] Check Pods Manifest.lock";
			outputFileListPaths = (
			);
			outputPaths = (
				"$(DERIVED_FILE_DIR)/Pods-Iris-Main-checkManifestLockResult.txt",
			);
			runOnlyForDeploymentPostprocessing = 0;
			shellPath = /bin/sh;
			shellScript = "diff \"${PODS_PODFILE_DIR_PATH}/Podfile.lock\" \"${PODS_ROOT}/Manifest.lock\" > /dev/null\nif [ $? != 0 ] ; then\n    # print error to STDERR\n    echo \"error: The sandbox is not in sync with the Podfile.lock. Run 'pod install' or update your CocoaPods installation.\" >&2\n    exit 1\nfi\n# This output is used by Xcode 'outputs' to avoid re-running this script phase.\necho \"SUCCESS\" > \"${SCRIPT_OUTPUT_FILE_0}\"\n";
			showEnvVarsInLog = 0;
		};
		9A1B2C3D4E5F60718293A010 /* Copy MobileCLIP Models */ = {
			isa = PBXShellScriptBuildPhase;
			alwaysOutOfDate = 1;
			buildActionMask = 2147483647;
			files = (
			);
			inputFileListPaths = (
			);
			inputPaths = (
				"$(SRCROOT)/scripts/copy_mobileclip_models.sh",
			);
			name = "Copy MobileCLIP Models";
			outputFileListPaths = (
			);
			outputPaths = (
				"$(TARGET_BUILD_DIR)/$(UNLOCALIZED_RESOURCES_FOLDER_PATH)/MobileCLIP/mobileclip_s2_image.mlmodelc",
				"$(TARGET_BUILD_DIR)/$(UNLOCALIZED_RESOURCES_FOLDER_PATH)/MobileCLIP/mobileclip_s2_text.mlmodelc",
			);
			runOnlyForDeploymentPostprocessing = 0;
			shellPath = /bin/sh;
			shellScript = "export MOBILECLIP_MODELS_DIR=\"/Users/abdur-rahmanrana/Documents/Magnolia Creative/Dev/Models/mobileclip\"\n/bin/sh \"$SRCROOT/scripts/copy_mobileclip_models.sh\"\n";
		};
		B067A662F4A6D6E06A71EDD1 /* [CP] Embed Pods Frameworks */ = {
			isa = PBXShellScriptBuildPhase;
			buildActionMask = 2147483647;
			files = (
			);
			inputFileListPaths = (
				"${PODS_ROOT}/Target Support Files/Pods-Iris-Main/Pods-Iris-Main-frameworks-${CONFIGURATION}-input-files.xcfilelist",
			);
			inputPaths = (
			);
			name = "[CP] Embed Pods Frameworks";
			outputFileListPaths = (
				"${PODS_ROOT}/Target Support Files/Pods-Iris-Main/Pods-Iris-Main-frameworks-${CONFIGURATION}-output-files.xcfilelist",
			);
			outputPaths = (
			);
			runOnlyForDeploymentPostprocessing = 0;
			shellPath = /bin/sh;
			shellScript = "\"${PODS_ROOT}/Target Support Files/Pods-Iris-Main/Pods-Iris-Main-frameworks.sh\"\n";
			showEnvVarsInLog = 0;
		};
		C775ABFD167FAD3AA0F0A584 /* [CP] Check Pods Manifest.lock */ = {
			isa = PBXShellScriptBuildPhase;
			buildActionMask = 2147483647;
			files = (
			);
			inputFileListPaths = (
			);
			inputPaths = (
				"${PODS_PODFILE_DIR_PATH}/Podfile.lock",
				"${PODS_ROOT}/Manifest.lock",
			);
			name = "[CP] Check Pods Manifest.lock";
			outputFileListPaths = (
			);
			outputPaths = (
				"$(DERIVED_FILE_DIR)/Pods-Iris-MainTests-checkManifestLockResult.txt",
			);
			runOnlyForDeploymentPostprocessing = 0;
			shellPath = /bin/sh;
			shellScript = "diff \"${PODS_PODFILE_DIR_PATH}/Podfile.lock\" \"${PODS_ROOT}/Manifest.lock\" > /dev/null\nif [ $? != 0 ] ; then\n    # print error to STDERR\n    echo \"error: The sandbox is not in sync with the Podfile.lock. Run 'pod install' or update your CocoaPods installation.\" >&2\n    exit 1\nfi\n# This output is used by Xcode 'outputs' to avoid re-running this script phase.\necho \"SUCCESS\" > \"${SCRIPT_OUTPUT_FILE_0}\"\n";
			showEnvVarsInLog = 0;
		};
/* End PBXShellScriptBuildPhase section */

/* Begin PBXSourcesBuildPhase section */
		1F77B7952F64B22C00C813F6 /* Sources */ = {
			isa = PBXSourcesBuildPhase;
			buildActionMask = 2147483647;
			files = (
			);
			runOnlyForDeploymentPostprocessing = 0;
		};
		1F77B7A22F64B22F00C813F6 /* Sources */ = {
			isa = PBXSourcesBuildPhase;
			buildActionMask = 2147483647;
			files = (
			);
			runOnlyForDeploymentPostprocessing = 0;
		};
		1F77B7AC2F64B22F00C813F6 /* Sources */ = {
			isa = PBXSourcesBuildPhase;
			buildActionMask = 2147483647;
			files = (
			);
			runOnlyForDeploymentPostprocessing = 0;
		};
/* End PBXSourcesBuildPhase section */

/* Begin PBXTargetDependency section */
		1F77B7A82F64B22F00C813F6 /* PBXTargetDependency */ = {
			isa = PBXTargetDependency;
			target = 1F77B7982F64B22C00C813F6 /* Iris-Main */;
			targetProxy = 1F77B7A72F64B22F00C813F6 /* PBXContainerItemProxy */;
		};
		1F77B7B22F64B22F00C813F6 /* PBXTargetDependency */ = {
			isa = PBXTargetDependency;
			target = 1F77B7982F64B22C00C813F6 /* Iris-Main */;
			targetProxy = 1F77B7B12F64B22F00C813F6 /* PBXContainerItemProxy */;
		};
/* End PBXTargetDependency section */

/* Begin XCBuildConfiguration section */
		1F77B7B82F64B22F00C813F6 /* Debug */ = {
			isa = XCBuildConfiguration;
			buildSettings = {
				ALWAYS_SEARCH_USER_PATHS = NO;
				ASSETCATALOG_COMPILER_GENERATE_SWIFT_ASSET_SYMBOL_EXTENSIONS = YES;
				CLANG_ANALYZER_NONNULL = YES;
				CLANG_ANALYZER_NUMBER_OBJECT_CONVERSION = YES_AGGRESSIVE;
				CLANG_CXX_LANGUAGE_STANDARD = "gnu++20";
				CLANG_ENABLE_MODULES = YES;
				CLANG_ENABLE_OBJC_ARC = YES;
				CLANG_ENABLE_OBJC_WEAK = YES;
				CLANG_WARN_BLOCK_CAPTURE_AUTORELEASING = YES;
				CLANG_WARN_BOOL_CONVERSION = YES;
				CLANG_WARN_COMMA = YES;
				CLANG_WARN_CONSTANT_CONVERSION = YES;
				CLANG_WARN_DEPRECATED_OBJC_IMPLEMENTATIONS = YES;
				CLANG_WARN_DIRECT_OBJC_ISA_USAGE = YES_ERROR;
				CLANG_WARN_DOCUMENTATION_COMMENTS = YES;
				CLANG_WARN_EMPTY_BODY = YES;
				CLANG_WARN_ENUM_CONVERSION = YES;
				CLANG_WARN_INFINITE_RECURSION = YES;
				CLANG_WARN_INT_CONVERSION = YES;
				CLANG_WARN_NON_LITERAL_NULL_CONVERSION = YES;
				CLANG_WARN_OBJC_IMPLICIT_RETAIN_SELF = YES;
				CLANG_WARN_OBJC_LITERAL_CONVERSION = YES;
				CLANG_WARN_OBJC_ROOT_CLASS = YES_ERROR;
				CLANG_WARN_QUOTED_INCLUDE_IN_FRAMEWORK_HEADER = YES;
				CLANG_WARN_RANGE_LOOP_ANALYSIS = YES;
				CLANG_WARN_STRICT_PROTOTYPES = YES;
				CLANG_WARN_SUSPICIOUS_MOVE = YES;
				CLANG_WARN_UNGUARDED_AVAILABILITY = YES_AGGRESSIVE;
				CLANG_WARN_UNREACHABLE_CODE = YES;
				CLANG_WARN__DUPLICATE_METHOD_MATCH = YES;
				COPY_PHASE_STRIP = NO;
				DEBUG_INFORMATION_FORMAT = dwarf;
				DEVELOPMENT_TEAM = 74UJF5HM7S;
				ENABLE_STRICT_OBJC_MSGSEND = YES;
				ENABLE_TESTABILITY = YES;
				ENABLE_USER_SCRIPT_SANDBOXING = YES;
				GCC_C_LANGUAGE_STANDARD = gnu17;
				GCC_DYNAMIC_NO_PIC = NO;
				GCC_NO_COMMON_BLOCKS = YES;
				GCC_OPTIMIZATION_LEVEL = 0;
				GCC_PREPROCESSOR_DEFINITIONS = (
					"DEBUG=1",
					"$(inherited)",
				);
				GCC_WARN_64_TO_32_BIT_CONVERSION = YES;
				GCC_WARN_ABOUT_RETURN_TYPE = YES_ERROR;
				GCC_WARN_UNDECLARED_SELECTOR = YES;
				GCC_WARN_UNINITIALIZED_AUTOS = YES_AGGRESSIVE;
				GCC_WARN_UNUSED_FUNCTION = YES;
				GCC_WARN_UNUSED_VARIABLE = YES;
				IPHONEOS_DEPLOYMENT_TARGET = 26.2;
				LOCALIZATION_PREFERS_STRING_CATALOGS = YES;
				MTL_ENABLE_DEBUG_INFO = INCLUDE_SOURCE;
				MTL_FAST_MATH = YES;
				ONLY_ACTIVE_ARCH = YES;
				SDKROOT = iphoneos;
				SWIFT_ACTIVE_COMPILATION_CONDITIONS = "DEBUG $(inherited)";
				SWIFT_OPTIMIZATION_LEVEL = "-Onone";
			};
			name = Debug;
		};
		1F77B7B92F64B22F00C813F6 /* Release */ = {
			isa = XCBuildConfiguration;
			buildSettings = {
				ALWAYS_SEARCH_USER_PATHS = NO;
				ASSETCATALOG_COMPILER_GENERATE_SWIFT_ASSET_SYMBOL_EXTENSIONS = YES;
				CLANG_ANALYZER_NONNULL = YES;
				CLANG_ANALYZER_NUMBER_OBJECT_CONVERSION = YES_AGGRESSIVE;
				CLANG_CXX_LANGUAGE_STANDARD = "gnu++20";
				CLANG_ENABLE_MODULES = YES;
				CLANG_ENABLE_OBJC_ARC = YES;
				CLANG_ENABLE_OBJC_WEAK = YES;
				CLANG_WARN_BLOCK_CAPTURE_AUTORELEASING = YES;
				CLANG_WARN_BOOL_CONVERSION = YES;
				CLANG_WARN_COMMA = YES;
				CLANG_WARN_CONSTANT_CONVERSION = YES;
				CLANG_WARN_DEPRECATED_OBJC_IMPLEMENTATIONS = YES;
				CLANG_WARN_DIRECT_OBJC_ISA_USAGE = YES_ERROR;
				CLANG_WARN_DOCUMENTATION_COMMENTS = YES;
				CLANG_WARN_EMPTY_BODY = YES;
				CLANG_WARN_ENUM_CONVERSION = YES;
				CLANG_WARN_INFINITE_RECURSION = YES;
				CLANG_WARN_INT_CONVERSION = YES;
				CLANG_WARN_NON_LITERAL_NULL_CONVERSION = YES;
				CLANG_WARN_OBJC_IMPLICIT_RETAIN_SELF = YES;
				CLANG_WARN_OBJC_LITERAL_CONVERSION = YES;
				CLANG_WARN_OBJC_ROOT_CLASS = YES_ERROR;
				CLANG_WARN_QUOTED_INCLUDE_IN_FRAMEWORK_HEADER = YES;
				CLANG_WARN_RANGE_LOOP_ANALYSIS = YES;
				CLANG_WARN_STRICT_PROTOTYPES = YES;
				CLANG_WARN_SUSPICIOUS_MOVE = YES;
				CLANG_WARN_UNGUARDED_AVAILABILITY = YES_AGGRESSIVE;
				CLANG_WARN_UNREACHABLE_CODE = YES;
				CLANG_WARN__DUPLICATE_METHOD_MATCH = YES;
				COPY_PHASE_STRIP = NO;
				DEBUG_INFORMATION_FORMAT = "dwarf-with-dsym";
				DEVELOPMENT_TEAM = 74UJF5HM7S;
				ENABLE_NS_ASSERTIONS = NO;
				ENABLE_STRICT_OBJC_MSGSEND = YES;
				ENABLE_USER_SCRIPT_SANDBOXING = YES;
				GCC_C_LANGUAGE_STANDARD = gnu17;
				GCC_NO_COMMON_BLOCKS = YES;
				GCC_WARN_64_TO_32_BIT_CONVERSION = YES;
				GCC_WARN_ABOUT_RETURN_TYPE = YES_ERROR;
				GCC_WARN_UNDECLARED_SELECTOR = YES;
				GCC_WARN_UNINITIALIZED_AUTOS = YES_AGGRESSIVE;
				GCC_WARN_UNUSED_FUNCTION = YES;
				GCC_WARN_UNUSED_VARIABLE = YES;
				IPHONEOS_DEPLOYMENT_TARGET = 26.2;
				LOCALIZATION_PREFERS_STRING_CATALOGS = YES;
				MTL_ENABLE_DEBUG_INFO = NO;
				MTL_FAST_MATH = YES;
				SDKROOT = iphoneos;
				SWIFT_COMPILATION_MODE = wholemodule;
				VALIDATE_PRODUCT = YES;
			};
			name = Release;
		};
		1F77B7BB2F64B22F00C813F6 /* Debug */ = {
			isa = XCBuildConfiguration;
			baseConfigurationReference = 2455B6084411583C119C3849 /* Pods-Iris-Main.debug.xcconfig */;
			buildSettings = {
				ASSETCATALOG_COMPILER_APPICON_NAME = Composed_Icons;
				ASSETCATALOG_COMPILER_GLOBAL_ACCENT_COLOR_NAME = AccentColor;
				CODE_SIGN_ENTITLEMENTS = "Iris-Main/Iris-Main.entitlements";
				CODE_SIGN_STYLE = Automatic;
				CURRENT_PROJECT_VERSION = 1;
				DEVELOPMENT_TEAM = 74UJF5HM7S;
				EMIT_FRONTEND_COMMAND_LINES = YES;
				ENABLE_PREVIEWS = YES;
				ENABLE_USER_SCRIPT_SANDBOXING = NO;
				GENERATE_INFOPLIST_FILE = YES;
				INFOPLIST_FILE = "Iris-Main/Info.plist";
				INFOPLIST_KEY_CFBundleDisplayName = Iris;
				INFOPLIST_KEY_LSApplicationCategoryType = "public.app-category.video";
				INFOPLIST_KEY_NSMicrophoneUsageDescription = "Iris uses the microphone to stream audio for live transcription testing against your backend.";
				INFOPLIST_KEY_NSPhotoLibraryUsageDescription = "Iris needs access to your photo library to import videos and images into your projects.";
				INFOPLIST_KEY_UIApplicationSceneManifest_Generation = YES;
				INFOPLIST_KEY_UIApplicationSupportsIndirectInputEvents = YES;
				INFOPLIST_KEY_UILaunchScreen_Generation = YES;
				INFOPLIST_KEY_UISupportedInterfaceOrientations = UIInterfaceOrientationPortrait;
				INFOPLIST_KEY_UISupportedInterfaceOrientations_iPad = "UIInterfaceOrientationLandscapeLeft UIInterfaceOrientationLandscapeRight UIInterfaceOrientationPortrait UIInterfaceOrientationPortraitUpsideDown";
				IPHONEOS_DEPLOYMENT_TARGET = 18.0;
				LD_RUNPATH_SEARCH_PATHS = (
					"$(inherited)",
					"@executable_path/Frameworks",
				);
				MARKETING_VERSION = 0.0.0;
				OTHER_LDFLAGS = (
					"$(inherited)",
					"-Xlinker",
					"-interposable",
				);
				PRODUCT_BUNDLE_IDENTIFIER = "Magnolia-Creative.Iris-Main";
				PRODUCT_NAME = "$(TARGET_NAME)";
				STRING_CATALOG_GENERATE_SYMBOLS = YES;
				SUPPORTED_PLATFORMS = "iphoneos iphonesimulator";
				SUPPORTS_MACCATALYST = NO;
				SUPPORTS_MAC_DESIGNED_FOR_IPHONE_IPAD = NO;
				SUPPORTS_XR_DESIGNED_FOR_IPHONE_IPAD = NO;
				SWIFT_APPROACHABLE_CONCURRENCY = YES;
				SWIFT_DEFAULT_ACTOR_ISOLATION = MainActor;
				SWIFT_EMIT_LOC_STRINGS = YES;
				SWIFT_ENABLE_EXPLICIT_MODULES = NO;
				SWIFT_UPCOMING_FEATURE_MEMBER_IMPORT_VISIBILITY = YES;
				SWIFT_VERSION = 5.0;
				TARGETED_DEVICE_FAMILY = 1;
			};
			name = Debug;
		};
		1F77B7BC2F64B22F00C813F6 /* Release */ = {
			isa = XCBuildConfiguration;
			baseConfigurationReference = 0E0A1BBAD4B18F155FA99BDB /* Pods-Iris-Main.release.xcconfig */;
			buildSettings = {
				ASSETCATALOG_COMPILER_APPICON_NAME = Composed_Icons;
				ASSETCATALOG_COMPILER_GLOBAL_ACCENT_COLOR_NAME = AccentColor;
				CODE_SIGN_ENTITLEMENTS = "Iris-Main/Iris-Main.entitlements";
				CODE_SIGN_STYLE = Automatic;
				CURRENT_PROJECT_VERSION = 1;
				DEVELOPMENT_TEAM = 74UJF5HM7S;
				EMIT_FRONTEND_COMMAND_LINES = YES;
				ENABLE_PREVIEWS = YES;
				ENABLE_USER_SCRIPT_SANDBOXING = NO;
				GENERATE_INFOPLIST_FILE = YES;
				INFOPLIST_FILE = "Iris-Main/Info.plist";
				INFOPLIST_KEY_CFBundleDisplayName = Iris;
				INFOPLIST_KEY_LSApplicationCategoryType = "public.app-category.video";
				INFOPLIST_KEY_NSMicrophoneUsageDescription = "Iris uses the microphone to stream audio for live transcription testing against your backend.";
				INFOPLIST_KEY_NSPhotoLibraryUsageDescription = "Iris needs access to your photo library to import videos and images into your projects.";
				INFOPLIST_KEY_UIApplicationSceneManifest_Generation = YES;
				INFOPLIST_KEY_UIApplicationSupportsIndirectInputEvents = YES;
				INFOPLIST_KEY_UILaunchScreen_Generation = YES;
				INFOPLIST_KEY_UISupportedInterfaceOrientations = UIInterfaceOrientationPortrait;
				INFOPLIST_KEY_UISupportedInterfaceOrientations_iPad = "UIInterfaceOrientationLandscapeLeft UIInterfaceOrientationLandscapeRight UIInterfaceOrientationPortrait UIInterfaceOrientationPortraitUpsideDown";
				IPHONEOS_DEPLOYMENT_TARGET = 18.0;
				LD_RUNPATH_SEARCH_PATHS = (
					"$(inherited)",
					"@executable_path/Frameworks",
				);
				MARKETING_VERSION = 0.0.0;
				PRODUCT_BUNDLE_IDENTIFIER = "Magnolia-Creative.Iris-Main";
				PRODUCT_NAME = "$(TARGET_NAME)";
				STRING_CATALOG_GENERATE_SYMBOLS = YES;
				SUPPORTED_PLATFORMS = "iphoneos iphonesimulator";
				SUPPORTS_MACCATALYST = NO;
				SUPPORTS_MAC_DESIGNED_FOR_IPHONE_IPAD = NO;
				SUPPORTS_XR_DESIGNED_FOR_IPHONE_IPAD = NO;
				SWIFT_APPROACHABLE_CONCURRENCY = YES;
				SWIFT_DEFAULT_ACTOR_ISOLATION = MainActor;
				SWIFT_EMIT_LOC_STRINGS = YES;
				SWIFT_ENABLE_EXPLICIT_MODULES = YES;
				SWIFT_UPCOMING_FEATURE_MEMBER_IMPORT_VISIBILITY = YES;
				SWIFT_VERSION = 5.0;
				TARGETED_DEVICE_FAMILY = 1;
			};
			name = Release;
		};
		1F77B7BE2F64B22F00C813F6 /* Debug */ = {
			isa = XCBuildConfiguration;
			baseConfigurationReference = A1992887094504B3D5DDA332 /* Pods-Iris-MainTests.debug.xcconfig */;
			buildSettings = {
				BUNDLE_LOADER = "$(TEST_HOST)";
				CODE_SIGN_STYLE = Automatic;
				CURRENT_PROJECT_VERSION = 1;
				DEVELOPMENT_TEAM = 74UJF5HM7S;
				GENERATE_INFOPLIST_FILE = YES;
				IPHONEOS_DEPLOYMENT_TARGET = 26.2;
				MARKETING_VERSION = 1.0;
				PRODUCT_BUNDLE_IDENTIFIER = "Magnolia-Creative.Iris-MainTests";
				PRODUCT_NAME = "$(TARGET_NAME)";
				STRING_CATALOG_GENERATE_SYMBOLS = NO;
				SWIFT_APPROACHABLE_CONCURRENCY = YES;
				SWIFT_EMIT_LOC_STRINGS = NO;
				SWIFT_UPCOMING_FEATURE_MEMBER_IMPORT_VISIBILITY = YES;
				SWIFT_VERSION = 5.0;
				TARGETED_DEVICE_FAMILY = "1,2";
				TEST_HOST = "$(BUILT_PRODUCTS_DIR)/Iris-Main.app/$(BUNDLE_EXECUTABLE_FOLDER_PATH)/Iris-Main";
			};
			name = Debug;
		};
		1F77B7BF2F64B22F00C813F6 /* Release */ = {
			isa = XCBuildConfiguration;
			baseConfigurationReference = AA20C0FEF34DED2F907B5BBE /* Pods-Iris-MainTests.release.xcconfig */;
			buildSettings = {
				BUNDLE_LOADER = "$(TEST_HOST)";
				CODE_SIGN_STYLE = Automatic;
				CURRENT_PROJECT_VERSION = 1;
				DEVELOPMENT_TEAM = 74UJF5HM7S;
				GENERATE_INFOPLIST_FILE = YES;
				IPHONEOS_DEPLOYMENT_TARGET = 26.2;
				MARKETING_VERSION = 1.0;
				PRODUCT_BUNDLE_IDENTIFIER = "Magnolia-Creative.Iris-MainTests";
				PRODUCT_NAME = "$(TARGET_NAME)";
				STRING_CATALOG_GENERATE_SYMBOLS = NO;
				SWIFT_APPROACHABLE_CONCURRENCY = YES;
				SWIFT_EMIT_LOC_STRINGS = NO;
				SWIFT_UPCOMING_FEATURE_MEMBER_IMPORT_VISIBILITY = YES;
				SWIFT_VERSION = 5.0;
				TARGETED_DEVICE_FAMILY = "1,2";
				TEST_HOST = "$(BUILT_PRODUCTS_DIR)/Iris-Main.app/$(BUNDLE_EXECUTABLE_FOLDER_PATH)/Iris-Main";
			};
			name = Release;
		};
		1F77B7C12F64B22F00C813F6 /* Debug */ = {
			isa = XCBuildConfiguration;
			buildSettings = {
				CODE_SIGN_STYLE = Automatic;
				CURRENT_PROJECT_VERSION = 1;
				DEVELOPMENT_TEAM = 74UJF5HM7S;
				GENERATE_INFOPLIST_FILE = YES;
				MARKETING_VERSION = 1.0;
				PRODUCT_BUNDLE_IDENTIFIER = "Magnolia-Creative.Iris-MainUITests";
				PRODUCT_NAME = "$(TARGET_NAME)";
				STRING_CATALOG_GENERATE_SYMBOLS = NO;
				SWIFT_APPROACHABLE_CONCURRENCY = YES;
				SWIFT_EMIT_LOC_STRINGS = NO;
				SWIFT_UPCOMING_FEATURE_MEMBER_IMPORT_VISIBILITY = YES;
				SWIFT_VERSION = 5.0;
				TARGETED_DEVICE_FAMILY = "1,2";
				TEST_TARGET_NAME = "Iris-Main";
			};
			name = Debug;
		};
		1F77B7C22F64B22F00C813F6 /* Release */ = {
			isa = XCBuildConfiguration;
			buildSettings = {
				CODE_SIGN_STYLE = Automatic;
				CURRENT_PROJECT_VERSION = 1;
				DEVELOPMENT_TEAM = 74UJF5HM7S;
				GENERATE_INFOPLIST_FILE = YES;
				MARKETING_VERSION = 1.0;
				PRODUCT_BUNDLE_IDENTIFIER = "Magnolia-Creative.Iris-MainUITests";
				PRODUCT_NAME = "$(TARGET_NAME)";
				STRING_CATALOG_GENERATE_SYMBOLS = NO;
				SWIFT_APPROACHABLE_CONCURRENCY = YES;
				SWIFT_EMIT_LOC_STRINGS = NO;
				SWIFT_UPCOMING_FEATURE_MEMBER_IMPORT_VISIBILITY = YES;
				SWIFT_VERSION = 5.0;
				TARGETED_DEVICE_FAMILY = "1,2";
				TEST_TARGET_NAME = "Iris-Main";
			};
			name = Release;
		};
/* End XCBuildConfiguration section */

/* Begin XCConfigurationList section */
		1F77B7942F64B22C00C813F6 /* Build configuration list for PBXProject "Iris-Main" */ = {
			isa = XCConfigurationList;
			buildConfigurations = (
				1F77B7B82F64B22F00C813F6 /* Debug */,
				1F77B7B92F64B22F00C813F6 /* Release */,
			);
			defaultConfigurationIsVisible = 0;
			defaultConfigurationName = Release;
		};
		1F77B7BA2F64B22F00C813F6 /* Build configuration list for PBXNativeTarget "Iris-Main" */ = {
			isa = XCConfigurationList;
			buildConfigurations = (
				1F77B7BB2F64B22F00C813F6 /* Debug */,
				1F77B7BC2F64B22F00C813F6 /* Release */,
			);
			defaultConfigurationIsVisible = 0;
			defaultConfigurationName = Release;
		};
		1F77B7BD2F64B22F00C813F6 /* Build configuration list for PBXNativeTarget "Iris-MainTests" */ = {
			isa = XCConfigurationList;
			buildConfigurations = (
				1F77B7BE2F64B22F00C813F6 /* Debug */,
				1F77B7BF2F64B22F00C813F6 /* Release */,
			);
			defaultConfigurationIsVisible = 0;
			defaultConfigurationName = Release;
		};
		1F77B7C02F64B22F00C813F6 /* Build configuration list for PBXNativeTarget "Iris-MainUITests" */ = {
			isa = XCConfigurationList;
			buildConfigurations = (
				1F77B7C12F64B22F00C813F6 /* Debug */,
				1F77B7C22F64B22F00C813F6 /* Release */,
			);
			defaultConfigurationIsVisible = 0;
			defaultConfigurationName = Release;
		};
/* End XCConfigurationList section */

/* Begin XCRemoteSwiftPackageReference section */
		1F4172462FB67DCE00B40996 /* XCRemoteSwiftPackageReference "clerk-ios" */ = {
			isa = XCRemoteSwiftPackageReference;
			repositoryURL = "https://github.com/clerk/clerk-ios";
			requirement = {
				kind = upToNextMajorVersion;
				minimumVersion = 1.1.3;
			};
		};
		1FBF36952F80DBC200086810 /* XCRemoteSwiftPackageReference "GRDB" */ = {
			isa = XCRemoteSwiftPackageReference;
			repositoryURL = "https://github.com/groue/GRDB.swift";
			requirement = {
				branch = master;
				kind = branch;
			};
		};
		1FBF40E92F8B18A700086810 /* XCRemoteSwiftPackageReference "Inject" */ = {
			isa = XCRemoteSwiftPackageReference;
			repositoryURL = "https://github.com/krzysztofzablocki/Inject.git";
			requirement = {
				kind = upToNextMajorVersion;
				minimumVersion = 1.5.2;
			};
		};
		9A1B2C3D4E5F60718293A003 /* XCRemoteSwiftPackageReference "swift-mobileclip" */ = {
			isa = XCRemoteSwiftPackageReference;
			repositoryURL = "file:///Users/abdur-rahmanrana/irismainpkg/swift-mobileclip";
			requirement = {
				branch = main;
				kind = branch;
			};
		};
/* End XCRemoteSwiftPackageReference section */

/* Begin XCSwiftPackageProductDependency section */
		1F4172472FB67DCE00B40996 /* ClerkKit */ = {
			isa = XCSwiftPackageProductDependency;
			package = 1F4172462FB67DCE00B40996 /* XCRemoteSwiftPackageReference "clerk-ios" */;
			productName = ClerkKit;
		};
		1F4172492FB67DCE00B40996 /* ClerkKitUI */ = {
			isa = XCSwiftPackageProductDependency;
			package = 1F4172462FB67DCE00B40996 /* XCRemoteSwiftPackageReference "clerk-ios" */;
			productName = ClerkKitUI;
		};
		1FBF36962F80DBC200086810 /* GRDB */ = {
			isa = XCSwiftPackageProductDependency;
			package = 1FBF36952F80DBC200086810 /* XCRemoteSwiftPackageReference "GRDB" */;
			productName = GRDB;
		};
		1FCBE5382FB3BF30006A178E /* Inject */ = {
			isa = XCSwiftPackageProductDependency;
			package = 1FBF40E92F8B18A700086810 /* XCRemoteSwiftPackageReference "Inject" */;
			productName = Inject;
		};
		9A1B2C3D4E5F60718293A002 /* MobileCLIP */ = {
			isa = XCSwiftPackageProductDependency;
			package = 9A1B2C3D4E5F60718293A003 /* XCRemoteSwiftPackageReference "swift-mobileclip" */;
			productName = MobileCLIP;
		};
/* End XCSwiftPackageProductDependency section */
	};
	rootObject = 1F77B7912F64B22C00C813F6 /* Project object */;
}
