// !$*UTF8*$!
{
	archiveVersion = 1;
	classes = {
	};
	objectVersion = 77;
	objects = {

/* Begin PBXBuildFile section */
		1FBF36972F80DBC200086810 /* GRDB in Frameworks */ = {isa = PBXBuildFile; productRef = 1FBF36962F80DBC200086810 /* GRDB */; };
		9A1B2C3D4E5F60718293A001 /* MobileCLIP in Frameworks */ = {isa = PBXBuildFile; productRef = 9A1B2C3D4E5F60718293A002 /* MobileCLIP */; };
/* End PBXBuildFile section */

/* Begin PBXContainerItemProxy section */
		1F77B7A72F64B22F00C813F6 /* PBXContainerItemProxy */ = {
			isa = PBXContainerItemProxy;
			containerPortal = 1F77B7912F64B22C00C813F6 /* Project object */;
			proxyType = 1;
			remoteGlobalIDString = 1F77B7982F64B22C00C813F6;
			remoteInfo = "Iris-Main";
		};
		1F77B7B12F64B22F00C813F6 /* PBXContainerItemProxy */ = {
			isa = PBXContainerItemProxy;
			containerPortal = 1F77B7912F64B22C00C813F6 /* Project object */;
			proxyType = 1;
			remoteGlobalIDString = 1F77B7982F64B22C00C813F6;
			remoteInfo = "Iris-Main";
		};
/* End PBXContainerItemProxy section */

/* Begin PBXFileReference section */
		1F77B7992F64B22C00C813F6 /* Iris-Main.app */ = {isa = PBXFileReference; explicitFileType = wrapper.application; includeInIndex = 0; path = "Iris-Main.app"; sourceTree = BUILT_PRODUCTS_DIR; };
		1F77B7A62F64B22F00C813F6 /* Iris-MainTests.xctest */ = {isa = PBXFileReference; explicitFileType = wrapper.cfbundle; includeInIndex = 0; path = "Iris-MainTests.xctest"; sourceTree = BUILT_PRODUCTS_DIR; };
		1F77B7B02F64B22F00C813F6 /* Iris-MainUITests.xctest */ = {isa = PBXFileReference; explicitFileType = wrapper.cfbundle; includeInIndex = 0; path = "Iris-MainUITests.xctest"; sourceTree = BUILT_PRODUCTS_DIR; };
/* End PBXFileReference section */

/* Begin PBXFileSystemSynchronizedBuildFileExceptionSet section */
		1FBF31DC2F6F72DB00086810 /* Exceptions for "Iris-Main" folder in "Iris-Main" target */ = {
			isa = PBXFileSystemSynchronizedBuildFileExceptionSet;
			membershipExceptions = (
				Info.plist,
			);
			target = 1F77B7982F64B22C00C813F6 /* Iris-Main */;
		};
/* End PBXFileSystemSynchronizedBuildFileExceptionSet section */

/* Begin PBXFileSystemSynchronizedRootGroup section */
		1F77B79B2F64B22C00C813F6 /* Iris-Main */ = {
			isa = PBXFileSystemSynchronizedRootGroup;
			exceptions = (
				1FBF31DC2F6F72DB00086810 /* Exceptions for "Iris-Main" folder in "Iris-Main" target */,
			);
			path = "Iris-Main";
			sourceTree = "<group>";
		};
		1F77B7A92F64B22F00C813F6 /* Iris-MainTests */ = {
			isa = PBXFileSystemSynchronizedRootGroup;
			path = "Iris-MainTests";
			sourceTree = "<group>";
		};
		1F77B7B32F64B22F00C813F6 /* Iris-MainUITests */ = {
			isa = PBXFileSystemSynchronizedRootGroup;
			path = "Iris-MainUITests";
			sourceTree = "<group>";
		};
/* End PBXFileSystemSynchronizedRootGroup section */

/* Begin PBXFrameworksBuildPhase section */
		1F77B7962F64B22C00C813F6 /* Frameworks */ = {
			isa = PBXFrameworksBuildPhase;
			buildActionMask = 2147483647;
			files = (
				1FBF36972F80DBC200086810 /* GRDB in Frameworks */,
				9A1B2C3D4E5F60718293A001 /* MobileCLIP in Frameworks */,
			);
			runOnlyForDeploymentPostprocessing = 0;
		};
		1F77B7A32F64B22F00C813F6 /* Frameworks */ = {
			isa = PBXFrameworksBuildPhase;
			buildActionMask = 2147483647;
			files = (
			);
			runOnlyForDeploymentPostprocessing = 0;
		};
		1F77B7AD2F64B22F00C813F6 /* Frameworks */ = {
			isa = PBXFrameworksBuildPhase;
			buildActionMask = 2147483647;
			files = (
			);
			runOnlyForDeploymentPostprocessing = 0;
		};
/* End PBXFrameworksBuildPhase section */

/* Begin PBXGroup section */
		1F77B7902F64B22C00C813F6 = {
			isa = PBXGroup;
			children = (
				1F77B79B2F64B22C00C813F6 /* Iris-Main */,
				1F77B7A92F64B22F00C813F6 /* Iris-MainTests */,
				1F77B7B32F64B22F00C813F6 /* Iris-MainUITests */,
				1FCBE22A2FB12D96006A178E /* Frameworks */,
				1F77B79A2F64B22C00C813F6 /* Products */,
			);
			sourceTree = "<group>";
		};
		1F77B79A2F64B22C00C813F6 /* Products */ = {
			isa = PBXGroup;
			children = (
				1F77B7992F64B22C00C813F6 /* Iris-Main.app */,
				1F77B7A62F64B22F00C813F6 /* Iris-MainTests.xctest */,
				1F77B7B02F64B22F00C813F6 /* Iris-MainUITests.xctest */,
			);
			name = Products;
			sourceTree = "<group>";
		};
		1FCBE22A2FB12D96006A178E /* Frameworks */ = {
			isa = PBXGroup;
			children = (
			);
			name = Frameworks;
			sourceTree = "<group>";
		};
/* End PBXGroup section */

/* Begin PBXNativeTarget section */
		1F77B7982F64B22C00C813F6 /* Iris-Main */ = {
			isa = PBXNativeTarget;
			buildConfigurationList = 1F77B7BA2F64B22F00C813F6 /* Build configuration list for PBXNativeTarget "Iris-Main" */;
			buildPhases = (
				1F77B7952F64B22C00C813F6 /* Sources */,
				1F77B7962F64B22C00C813F6 /* Frameworks */,
				1F77B7972F64B22C00C813F6 /* Resources */,
				9A1B2C3D4E5F60718293A010 /* Copy MobileCLIP Models */,
			);
			buildRules = (
			);
			dependencies = (
			);
			fileSystemSynchronizedGroups = (
				1F77B79B2F64B22C00C813F6 /* Iris-Main */,
			);
			name = "Iris-Main";
			packageProductDependencies = (
				1FBF36962F80DBC200086810 /* GRDB */,
				9A1B2C3D4E5F60718293A002 /* MobileCLIP */,
			);
			productName = "Iris-Main";
			productReference = 1F77B7992F64B22C00C813F6 /* Iris-Main.app */;
			productType = "com.apple.product-type.application";
		};
		1F77B7A52F64B22F00C813F6 /* Iris-MainTests */ = {
			isa = PBXNativeTarget;
			buildConfigurationList = 1F77B7BD2F64B22F00C813F6 /* Build configuration list for PBXNativeTarget "Iris-MainTests" */;
			buildPhases = (
				1F77B7A22F64B22F00C813F6 /* Sources */,
				1F77B7A32F64B22F00C813F6 /* Frameworks */,
				1F77B7A42F64B22F00C813F6 /* Resources */,
			);
			buildRules = (
			);
			dependencies = (
				1F77B7A82F64B22F00C813F6 /* PBXTargetDependency */,
			);
			fileSystemSynchronizedGroups = (
				1F77B7A92F64B22F00C813F6 /* Iris-MainTests */,
			);
			name = "Iris-MainTests";
			packageProductDependencies = (
			);
			productName = "Iris-MainTests";
			productReference = 1F77B7A62F64B22F00C813F6 /* Iris-MainTests.xctest */;
			productType = "com.apple.product-type.bundle.unit-test";
		};
		1F77B7AF2F64B22F00C813F6 /* Iris-MainUITests */ = {
			isa = PBXNativeTarget;
			buildConfigurationList = 1F77B7C02F64B22F00C813F6 /* Build configuration list for PBXNativeTarget "Iris-MainUITests" */;
			buildPhases = (
				1F77B7AC2F64B22F00C813F6 /* Sources */,
				1F77B7AD2F64B22F00C813F6 /* Frameworks */,
				1F77B7AE2F64B22F00C813F6 /* Resources */,
			);
			buildRules = (
			);
			dependencies = (
				1F77B7B22F64B22F00C813F6 /* PBXTargetDependency */,
			);
			fileSystemSynchronizedGroups = (
				1F77B7B32F64B22F00C813F6 /* Iris-MainUITests */,
			);
			name = "Iris-MainUITests";
			packageProductDependencies = (
			);
			productName = "Iris-MainUITests";
			productReference = 1F77B7B02F64B22F00C813F6 /* Iris-MainUITests.xctest */;
			productType = "com.apple.product-type.bundle.ui-testing";
		};
/* End PBXNativeTarget section */

/* Begin PBXProject section */
		1F77B7912F64B22C00C813F6 /* Project object */ = {
			isa = PBXProject;
			attributes = {
				BuildIndependentTargetsInParallel = 1;
				LastSwiftUpdateCheck = 2630;
				LastUpgradeCheck = 2630;
				TargetAttributes = {
					1F77B7982F64B22C00C813F6 = {
						CreatedOnToolsVersion = 26.3;
					};
					1F77B7A52F64B22F00C813F6 = {
						CreatedOnToolsVersion = 26.3;
						TestTargetID = 1F77B7982F64B22C00C813F6;
					};
					1F77B7AF2F64B22F00C813F6 = {
						CreatedOnToolsVersion = 26.3;
						TestTargetID = 1F77B7982F64B22C00C813F6;
					};
				};
			};
			buildConfigurationList = 1F77B7942F64B22C00C813F6 /* Build configuration list for PBXProject "Iris-Main" */;
			developmentRegion = en;
			hasScannedForEncodings = 0;
			knownRegions = (
				en,
				Base,
			);
			mainGroup = 1F77B7902F64B22C00C813F6;
			minimizedProjectReferenceProxies = 1;
			packageReferences = (
				9A1B2C3D4E5F60718293A003 /* XCRemoteSwiftPackageReference "swift-mobileclip" */,
				1FBF36952F80DBC200086810 /* XCRemoteSwiftPackageReference "GRDB" */,
				1FBF40E92F8B18A700086810 /* XCRemoteSwiftPackageReference "Inject" */,
			);
			preferredProjectObjectVersion = 77;
			productRefGroup = 1F77B79A2F64B22C00C813F6 /* Products */;
			projectDirPath = "";
			projectRoot = "";
			targets = (
				1F77B7982F64B22C00C813F6 /* Iris-Main */,
				1F77B7A52F64B22F00C813F6 /* Iris-MainTests */,
				1F77B7AF2F64B22F00C813F6 /* Iris-MainUITests */,
			);
		};
/* End PBXProject section */

/* Begin PBXResourcesBuildPhase section */
		1F77B7972F64B22C00C813F6 /* Resources */ = {
			isa = PBXResourcesBuildPhase;
			buildActionMask = 2147483647;
			files = (
			);
			runOnlyForDeploymentPostprocessing = 0;
		};
		1F77B7A42F64B22F00C813F6 /* Resources */ = {
			isa = PBXResourcesBuildPhase;
			buildActionMask = 2147483647;
			files = (
			);
			runOnlyForDeploymentPostprocessing = 0;
		};
		1F77B7AE2F64B22F00C813F6 /* Resources */ = {
			isa = PBXResourcesBuildPhase;
			buildActionMask = 2147483647;
			files = (
			);
			runOnlyForDeploymentPostprocessing = 0;
		};
/* End PBXResourcesBuildPhase section */

/* Begin PBXShellScriptBuildPhase section */
		9A1B2C3D4E5F60718293A010 /* Copy MobileCLIP Models */ = {
			isa = PBXShellScriptBuildPhase;
			alwaysOutOfDate = 1;
			buildActionMask = 2147483647;
			files = (
			);
			inputFileListPaths = (
			);
			inputPaths = (
				"$(SRCROOT)/scripts/copy_mobileclip_models.sh",
			);
			name = "Copy MobileCLIP Models";
			outputFileListPaths = (
			);
			outputPaths = (
				"$(TARGET_BUILD_DIR)/$(UNLOCALIZED_RESOURCES_FOLDER_PATH)/MobileCLIP/mobileclip_s2_image.mlmodelc",
				"$(TARGET_BUILD_DIR)/$(UNLOCALIZED_RESOURCES_FOLDER_PATH)/MobileCLIP/mobileclip_s2_text.mlmodelc",
			);
			runOnlyForDeploymentPostprocessing = 0;
			shellPath = /bin/sh;
			shellScript = "export MOBILECLIP_MODELS_DIR=\"/Users/abdur-rahmanrana/Documents/Magnolia Creative/Dev/Models/mobileclip\"\n/bin/sh \"$SRCROOT/scripts/copy_mobileclip_models.sh\"\n";
		};
/* End PBXShellScriptBuildPhase section */

/* Begin PBXSourcesBuildPhase section */
		1F77B7952F64B22C00C813F6 /* Sources */ = {
			isa = PBXSourcesBuildPhase;
			buildActionMask = 2147483647;
			files = (
			);
			runOnlyForDeploymentPostprocessing = 0;
		};
		1F77B7A22F64B22F00C813F6 /* Sources */ = {
			isa = PBXSourcesBuildPhase;
			buildActionMask = 2147483647;
			files = (
			);
			runOnlyForDeploymentPostprocessing = 0;
		};
		1F77B7AC2F64B22F00C813F6 /* Sources */ = {
			isa = PBXSourcesBuildPhase;
			buildActionMask = 2147483647;
			files = (
			);
			runOnlyForDeploymentPostprocessing = 0;
		};
/* End PBXSourcesBuildPhase section */

/* Begin PBXTargetDependency section */
		1F77B7A82F64B22F00C813F6 /* PBXTargetDependency */ = {
			isa = PBXTargetDependency;
			target = 1F77B7982F64B22C00C813F6 /* Iris-Main */;
			targetProxy = 1F77B7A72F64B22F00C813F6 /* PBXContainerItemProxy */;
		};
		1F77B7B22F64B22F00C813F6 /* PBXTargetDependency */ = {
			isa = PBXTargetDependency;
			target = 1F77B7982F64B22C00C813F6 /* Iris-Main */;
			targetProxy = 1F77B7B12F64B22F00C813F6 /* PBXContainerItemProxy */;
		};
/* End PBXTargetDependency section */

/* Begin XCBuildConfiguration section */
		1F77B7B82F64B22F00C813F6 /* Debug */ = {
			isa = XCBuildConfiguration;
			buildSettings = {
				ALWAYS_SEARCH_USER_PATHS = NO;
				ASSETCATALOG_COMPILER_GENERATE_SWIFT_ASSET_SYMBOL_EXTENSIONS = YES;
				CLANG_ANALYZER_NONNULL = YES;
				CLANG_ANALYZER_NUMBER_OBJECT_CONVERSION = YES_AGGRESSIVE;
				CLANG_CXX_LANGUAGE_STANDARD = "gnu++20";
				CLANG_ENABLE_MODULES = YES;
				CLANG_ENABLE_OBJC_ARC = YES;
				CLANG_ENABLE_OBJC_WEAK = YES;
				CLANG_WARN_BLOCK_CAPTURE_AUTORELEASING = YES;
				CLANG_WARN_BOOL_CONVERSION = YES;
				CLANG_WARN_COMMA = YES;
				CLANG_WARN_CONSTANT_CONVERSION = YES;
				CLANG_WARN_DEPRECATED_OBJC_IMPLEMENTATIONS = YES;
				CLANG_WARN_DIRECT_OBJC_ISA_USAGE = YES_ERROR;
				CLANG_WARN_DOCUMENTATION_COMMENTS = YES;
				CLANG_WARN_EMPTY_BODY = YES;
				CLANG_WARN_ENUM_CONVERSION = YES;
				CLANG_WARN_INFINITE_RECURSION = YES;
				CLANG_WARN_INT_CONVERSION = YES;
				CLANG_WARN_NON_LITERAL_NULL_CONVERSION = YES;
				CLANG_WARN_OBJC_IMPLICIT_RETAIN_SELF = YES;
				CLANG_WARN_OBJC_LITERAL_CONVERSION = YES;
				CLANG_WARN_OBJC_ROOT_CLASS = YES_ERROR;
				CLANG_WARN_QUOTED_INCLUDE_IN_FRAMEWORK_HEADER = YES;
				CLANG_WARN_RANGE_LOOP_ANALYSIS = YES;
				CLANG_WARN_STRICT_PROTOTYPES = YES;
				CLANG_WARN_SUSPICIOUS_MOVE = YES;
				CLANG_WARN_UNGUARDED_AVAILABILITY = YES_AGGRESSIVE;
				CLANG_WARN_UNREACHABLE_CODE = YES;
				CLANG_WARN__DUPLICATE_METHOD_MATCH = YES;
				COPY_PHASE_STRIP = NO;
				DEBUG_INFORMATION_FORMAT = dwarf;
				DEVELOPMENT_TEAM = 74UJF5HM7S;
				ENABLE_STRICT_OBJC_MSGSEND = YES;
				ENABLE_TESTABILITY = YES;
				ENABLE_USER_SCRIPT_SANDBOXING = YES;
				GCC_C_LANGUAGE_STANDARD = gnu17;
				GCC_DYNAMIC_NO_PIC = NO;
				GCC_NO_COMMON_BLOCKS = YES;
				GCC_OPTIMIZATION_LEVEL = 0;
				GCC_PREPROCESSOR_DEFINITIONS = (
					"DEBUG=1",
					"$(inherited)",
				);
				GCC_WARN_64_TO_32_BIT_CONVERSION = YES;
				GCC_WARN_ABOUT_RETURN_TYPE = YES_ERROR;
				GCC_WARN_UNDECLARED_SELECTOR = YES;
				GCC_WARN_UNINITIALIZED_AUTOS = YES_AGGRESSIVE;
				GCC_WARN_UNUSED_FUNCTION = YES;
				GCC_WARN_UNUSED_VARIABLE = YES;
				IPHONEOS_DEPLOYMENT_TARGET = 26.2;
				LOCALIZATION_PREFERS_STRING_CATALOGS = YES;
				MTL_ENABLE_DEBUG_INFO = INCLUDE_SOURCE;
				MTL_FAST_MATH = YES;
				ONLY_ACTIVE_ARCH = YES;
				SDKROOT = iphoneos;
				SWIFT_ACTIVE_COMPILATION_CONDITIONS = "DEBUG $(inherited)";
				SWIFT_OPTIMIZATION_LEVEL = "-Onone";
			};
			name = Debug;
		};
		1F77B7B92F64B22F00C813F6 /* Release */ = {
			isa = XCBuildConfiguration;
			buildSettings = {
				ALWAYS_SEARCH_USER_PATHS = NO;
				ASSETCATALOG_COMPILER_GENERATE_SWIFT_ASSET_SYMBOL_EXTENSIONS = YES;
				CLANG_ANALYZER_NONNULL = YES;
				CLANG_ANALYZER_NUMBER_OBJECT_CONVERSION = YES_AGGRESSIVE;
				CLANG_CXX_LANGUAGE_STANDARD = "gnu++20";
				CLANG_ENABLE_MODULES = YES;
				CLANG_ENABLE_OBJC_ARC = YES;
				CLANG_ENABLE_OBJC_WEAK = YES;
				CLANG_WARN_BLOCK_CAPTURE_AUTORELEASING = YES;
				CLANG_WARN_BOOL_CONVERSION = YES;
				CLANG_WARN_COMMA = YES;
				CLANG_WARN_CONSTANT_CONVERSION = YES;
				CLANG_WARN_DEPRECATED_OBJC_IMPLEMENTATIONS = YES;
				CLANG_WARN_DIRECT_OBJC_ISA_USAGE = YES_ERROR;
				CLANG_WARN_DOCUMENTATION_COMMENTS = YES;
				CLANG_WARN_EMPTY_BODY = YES;
				CLANG_WARN_ENUM_CONVERSION = YES;
				CLANG_WARN_INFINITE_RECURSION = YES;
				CLANG_WARN_INT_CONVERSION = YES;
				CLANG_WARN_NON_LITERAL_NULL_CONVERSION = YES;
				CLANG_WARN_OBJC_IMPLICIT_RETAIN_SELF = YES;
				CLANG_WARN_OBJC_LITERAL_CONVERSION = YES;
				CLANG_WARN_OBJC_ROOT_CLASS = YES_ERROR;
				CLANG_WARN_QUOTED_INCLUDE_IN_FRAMEWORK_HEADER = YES;
				CLANG_WARN_RANGE_LOOP_ANALYSIS = YES;
				CLANG_WARN_STRICT_PROTOTYPES = YES;
				CLANG_WARN_SUSPICIOUS_MOVE = YES;
				CLANG_WARN_UNGUARDED_AVAILABILITY = YES_AGGRESSIVE;
				CLANG_WARN_UNREACHABLE_CODE = YES;
				CLANG_WARN__DUPLICATE_METHOD_MATCH = YES;
				COPY_PHASE_STRIP = NO;
				DEBUG_INFORMATION_FORMAT = "dwarf-with-dsym";
				DEVELOPMENT_TEAM = 74UJF5HM7S;
				ENABLE_NS_ASSERTIONS = NO;
				ENABLE_STRICT_OBJC_MSGSEND = YES;
				ENABLE_USER_SCRIPT_SANDBOXING = YES;
				GCC_C_LANGUAGE_STANDARD = gnu17;
				GCC_NO_COMMON_BLOCKS = YES;
				GCC_WARN_64_TO_32_BIT_CONVERSION = YES;
				GCC_WARN_ABOUT_RETURN_TYPE = YES_ERROR;
				GCC_WARN_UNDECLARED_SELECTOR = YES;
				GCC_WARN_UNINITIALIZED_AUTOS = YES_AGGRESSIVE;
				GCC_WARN_UNUSED_FUNCTION = YES;
				GCC_WARN_UNUSED_VARIABLE = YES;
				IPHONEOS_DEPLOYMENT_TARGET = 26.2;
				LOCALIZATION_PREFERS_STRING_CATALOGS = YES;
				MTL_ENABLE_DEBUG_INFO = NO;
				MTL_FAST_MATH = YES;
				SDKROOT = iphoneos;
				SWIFT_COMPILATION_MODE = wholemodule;
				VALIDATE_PRODUCT = YES;
			};
			name = Release;
		};
		1F77B7BB2F64B22F00C813F6 /* Debug */ = {
			isa = XCBuildConfiguration;
			buildSettings = {
				ASSETCATALOG_COMPILER_APPICON_NAME = AppIcon;
				ASSETCATALOG_COMPILER_GLOBAL_ACCENT_COLOR_NAME = AccentColor;
				CODE_SIGN_STYLE = Automatic;
				CURRENT_PROJECT_VERSION = 1;
				DEVELOPMENT_TEAM = 74UJF5HM7S;
				ENABLE_PREVIEWS = YES;
				ENABLE_USER_SCRIPT_SANDBOXING = NO;
				GENERATE_INFOPLIST_FILE = YES;
				INFOPLIST_FILE = "Iris-Main/Info.plist";
				INFOPLIST_KEY_UIApplicationSceneManifest_Generation = YES;
				INFOPLIST_KEY_UIApplicationSupportsIndirectInputEvents = YES;
				INFOPLIST_KEY_UILaunchScreen_Generation = YES;
				INFOPLIST_KEY_UISupportedInterfaceOrientations_iPad = "UIInterfaceOrientationPortrait UIInterfaceOrientationPortraitUpsideDown UIInterfaceOrientationLandscapeLeft UIInterfaceOrientationLandscapeRight";
				INFOPLIST_KEY_UISupportedInterfaceOrientations_iPhone = "UIInterfaceOrientationPortrait UIInterfaceOrientationLandscapeLeft UIInterfaceOrientationLandscapeRight";
				LD_RUNPATH_SEARCH_PATHS = (
					"$(inherited)",
					"@executable_path/Frameworks",
				);
				MARKETING_VERSION = 1.0;
				PRODUCT_BUNDLE_IDENTIFIER = "Magnolia-Creative.Iris-Main";
				PRODUCT_NAME = "$(TARGET_NAME)";
				STRING_CATALOG_GENERATE_SYMBOLS = YES;
				SUPPORTED_PLATFORMS = "iphoneos iphonesimulator";
				SUPPORTS_MACCATALYST = NO;
				SUPPORTS_MAC_DESIGNED_FOR_IPHONE_IPAD = NO;
				SUPPORTS_XR_DESIGNED_FOR_IPHONE_IPAD = NO;
				SWIFT_APPROACHABLE_CONCURRENCY = YES;
				SWIFT_DEFAULT_ACTOR_ISOLATION = MainActor;
				SWIFT_EMIT_LOC_STRINGS = YES;
				SWIFT_UPCOMING_FEATURE_MEMBER_IMPORT_VISIBILITY = YES;
				SWIFT_VERSION = 5.0;
				TARGETED_DEVICE_FAMILY = 1;
			};
			name = Debug;
		};
		1F77B7BC2F64B22F00C813F6 /* Release */ = {
			isa = XCBuildConfiguration;
			buildSettings = {
				ASSETCATALOG_COMPILER_APPICON_NAME = AppIcon;
				ASSETCATALOG_COMPILER_GLOBAL_ACCENT_COLOR_NAME = AccentColor;
				CODE_SIGN_STYLE = Automatic;
				CURRENT_PROJECT_VERSION = 1;
				DEVELOPMENT_TEAM = 74UJF5HM7S;
				ENABLE_PREVIEWS = YES;
				ENABLE_USER_SCRIPT_SANDBOXING = NO;
				GENERATE_INFOPLIST_FILE = YES;
				INFOPLIST_FILE = "Iris-Main/Info.plist";
				INFOPLIST_KEY_UIApplicationSceneManifest_Generation = YES;
				INFOPLIST_KEY_UIApplicationSupportsIndirectInputEvents = YES;
				INFOPLIST_KEY_UILaunchScreen_Generation = YES;
				INFOPLIST_KEY_UISupportedInterfaceOrientations_iPad = "UIInterfaceOrientationPortrait UIInterfaceOrientationPortraitUpsideDown UIInterfaceOrientationLandscapeLeft UIInterfaceOrientationLandscapeRight";
				INFOPLIST_KEY_UISupportedInterfaceOrientations_iPhone = "UIInterfaceOrientationPortrait UIInterfaceOrientationLandscapeLeft UIInterfaceOrientationLandscapeRight";
				LD_RUNPATH_SEARCH_PATHS = (
					"$(inherited)",
					"@executable_path/Frameworks",
				);
				MARKETING_VERSION = 1.0;
				PRODUCT_BUNDLE_IDENTIFIER = "Magnolia-Creative.Iris-Main";
				PRODUCT_NAME = "$(TARGET_NAME)";
				STRING_CATALOG_GENERATE_SYMBOLS = YES;
				SUPPORTED_PLATFORMS = "iphoneos iphonesimulator";
				SUPPORTS_MACCATALYST = NO;
				SUPPORTS_MAC_DESIGNED_FOR_IPHONE_IPAD = NO;
				SUPPORTS_XR_DESIGNED_FOR_IPHONE_IPAD = NO;
				SWIFT_APPROACHABLE_CONCURRENCY = YES;
				SWIFT_DEFAULT_ACTOR_ISOLATION = MainActor;
				SWIFT_EMIT_LOC_STRINGS = YES;
				SWIFT_UPCOMING_FEATURE_MEMBER_IMPORT_VISIBILITY = YES;
				SWIFT_VERSION = 5.0;
				TARGETED_DEVICE_FAMILY = 1;
			};
			name = Release;
		};
		1F77B7BE2F64B22F00C813F6 /* Debug */ = {
			isa = XCBuildConfiguration;
			buildSettings = {
				BUNDLE_LOADER = "$(TEST_HOST)";
				CODE_SIGN_STYLE = Automatic;
				CURRENT_PROJECT_VERSION = 1;
				DEVELOPMENT_TEAM = 74UJF5HM7S;
				GENERATE_INFOPLIST_FILE = YES;
				IPHONEOS_DEPLOYMENT_TARGET = 26.2;
				MARKETING_VERSION = 1.0;
				PRODUCT_BUNDLE_IDENTIFIER = "Magnolia-Creative.Iris-MainTests";
				PRODUCT_NAME = "$(TARGET_NAME)";
				STRING_CATALOG_GENERATE_SYMBOLS = NO;
				SWIFT_APPROACHABLE_CONCURRENCY = YES;
				SWIFT_EMIT_LOC_STRINGS = NO;
				SWIFT_UPCOMING_FEATURE_MEMBER_IMPORT_VISIBILITY = YES;
				SWIFT_VERSION = 5.0;
				TARGETED_DEVICE_FAMILY = "1,2";
				TEST_HOST = "$(BUILT_PRODUCTS_DIR)/Iris-Main.app/$(BUNDLE_EXECUTABLE_FOLDER_PATH)/Iris-Main";
			};
			name = Debug;
		};
		1F77B7BF2F64B22F00C813F6 /* Release */ = {
			isa = XCBuildConfiguration;
			buildSettings = {
				BUNDLE_LOADER = "$(TEST_HOST)";
				CODE_SIGN_STYLE = Automatic;
				CURRENT_PROJECT_VERSION = 1;
				DEVELOPMENT_TEAM = 74UJF5HM7S;
				GENERATE_INFOPLIST_FILE = YES;
				IPHONEOS_DEPLOYMENT_TARGET = 26.2;
				MARKETING_VERSION = 1.0;
				PRODUCT_BUNDLE_IDENTIFIER = "Magnolia-Creative.Iris-MainTests";
				PRODUCT_NAME = "$(TARGET_NAME)";
				STRING_CATALOG_GENERATE_SYMBOLS = NO;
				SWIFT_APPROACHABLE_CONCURRENCY = YES;
				SWIFT_EMIT_LOC_STRINGS = NO;
				SWIFT_UPCOMING_FEATURE_MEMBER_IMPORT_VISIBILITY = YES;
				SWIFT_VERSION = 5.0;
				TARGETED_DEVICE_FAMILY = "1,2";
				TEST_HOST = "$(BUILT_PRODUCTS_DIR)/Iris-Main.app/$(BUNDLE_EXECUTABLE_FOLDER_PATH)/Iris-Main";
			};
			name = Release;
		};
		1F77B7C12F64B22F00C813F6 /* Debug */ = {
			isa = XCBuildConfiguration;
			buildSettings = {
				CODE_SIGN_STYLE = Automatic;
				CURRENT_PROJECT_VERSION = 1;
				DEVELOPMENT_TEAM = 74UJF5HM7S;
				GENERATE_INFOPLIST_FILE = YES;
				MARKETING_VERSION = 1.0;
				PRODUCT_BUNDLE_IDENTIFIER = "Magnolia-Creative.Iris-MainUITests";
				PRODUCT_NAME = "$(TARGET_NAME)";
				STRING_CATALOG_GENERATE_SYMBOLS = NO;
				SWIFT_APPROACHABLE_CONCURRENCY = YES;
				SWIFT_EMIT_LOC_STRINGS = NO;
				SWIFT_UPCOMING_FEATURE_MEMBER_IMPORT_VISIBILITY = YES;
				SWIFT_VERSION = 5.0;
				TARGETED_DEVICE_FAMILY = "1,2";
				TEST_TARGET_NAME = "Iris-Main";
			};
			name = Debug;
		};
		1F77B7C22F64B22F00C813F6 /* Release */ = {
			isa = XCBuildConfiguration;
			buildSettings = {
				CODE_SIGN_STYLE = Automatic;
				CURRENT_PROJECT_VERSION = 1;
				DEVELOPMENT_TEAM = 74UJF5HM7S;
				GENERATE_INFOPLIST_FILE = YES;
				MARKETING_VERSION = 1.0;
				PRODUCT_BUNDLE_IDENTIFIER = "Magnolia-Creative.Iris-MainUITests";
				PRODUCT_NAME = "$(TARGET_NAME)";
				STRING_CATALOG_GENERATE_SYMBOLS = NO;
				SWIFT_APPROACHABLE_CONCURRENCY = YES;
				SWIFT_EMIT_LOC_STRINGS = NO;
				SWIFT_UPCOMING_FEATURE_MEMBER_IMPORT_VISIBILITY = YES;
				SWIFT_VERSION = 5.0;
				TARGETED_DEVICE_FAMILY = "1,2";
				TEST_TARGET_NAME = "Iris-Main";
			};
			name = Release;
		};
/* End XCBuildConfiguration section */

/* Begin XCConfigurationList section */
		1F77B7942F64B22C00C813F6 /* Build configuration list for PBXProject "Iris-Main" */ = {
			isa = XCConfigurationList;
			buildConfigurations = (
				1F77B7B82F64B22F00C813F6 /* Debug */,
				1F77B7B92F64B22F00C813F6 /* Release */,
			);
			defaultConfigurationIsVisible = 0;
			defaultConfigurationName = Release;
		};
		1F77B7BA2F64B22F00C813F6 /* Build configuration list for PBXNativeTarget "Iris-Main" */ = {
			isa = XCConfigurationList;
			buildConfigurations = (
				1F77B7BB2F64B22F00C813F6 /* Debug */,
				1F77B7BC2F64B22F00C813F6 /* Release */,
			);
			defaultConfigurationIsVisible = 0;
			defaultConfigurationName = Release;
		};
		1F77B7BD2F64B22F00C813F6 /* Build configuration list for PBXNativeTarget "Iris-MainTests" */ = {
			isa = XCConfigurationList;
			buildConfigurations = (
				1F77B7BE2F64B22F00C813F6 /* Debug */,
				1F77B7BF2F64B22F00C813F6 /* Release */,
			);
			defaultConfigurationIsVisible = 0;
			defaultConfigurationName = Release;
		};
		1F77B7C02F64B22F00C813F6 /* Build configuration list for PBXNativeTarget "Iris-MainUITests" */ = {
			isa = XCConfigurationList;
			buildConfigurations = (
				1F77B7C12F64B22F00C813F6 /* Debug */,
				1F77B7C22F64B22F00C813F6 /* Release */,
			);
			defaultConfigurationIsVisible = 0;
			defaultConfigurationName = Release;
		};
/* End XCConfigurationList section */

/* Begin XCRemoteSwiftPackageReference section */
		1FBF36952F80DBC200086810 /* XCRemoteSwiftPackageReference "GRDB" */ = {
			isa = XCRemoteSwiftPackageReference;
			repositoryURL = "https://github.com/groue/GRDB.swift";
			requirement = {
				branch = master;
				kind = branch;
			};
		};
		1FBF40E92F8B18A700086810 /* XCRemoteSwiftPackageReference "Inject" */ = {
			isa = XCRemoteSwiftPackageReference;
			repositoryURL = "https://github.com/krzysztofzablocki/Inject.git";
			requirement = {
				kind = upToNextMajorVersion;
				minimumVersion = 1.5.2;
			};
		};
		9A1B2C3D4E5F60718293A003 /* XCRemoteSwiftPackageReference "swift-mobileclip" */ = {
			isa = XCRemoteSwiftPackageReference;
			repositoryURL = "file:///Users/abdur-rahmanrana/irismainpkg/swift-mobileclip";
			requirement = {
				branch = main;
				kind = branch;
			};
		};
/* End XCRemoteSwiftPackageReference section */

/* Begin XCSwiftPackageProductDependency section */
		1FBF36962F80DBC200086810 /* GRDB */ = {
			isa = XCSwiftPackageProductDependency;
			package = 1FBF36952F80DBC200086810 /* XCRemoteSwiftPackageReference "GRDB" */;
			productName = GRDB;
		};
		9A1B2C3D4E5F60718293A002 /* MobileCLIP */ = {
			isa = XCSwiftPackageProductDependency;
			package = 9A1B2C3D4E5F60718293A003 /* XCRemoteSwiftPackageReference "swift-mobileclip" */;
			productName = MobileCLIP;
		};
/* End XCSwiftPackageProductDependency section */
	};
	rootObject = 1F77B7912F64B22C00C813F6 /* Project object */;
}
